
Microsoft Visual Studio Solution File, Format Version 12.00
Project("{FAE04EC0-301F-11D3-BF4B-00C04F79EFBC}") = "WpfApp2", "WpfApp2\WpfApp2.csproj", "{7C62C00A-BF68-48E8-8018-154CD555AF3B}"
EndProject
Global
	GlobalSection(SolutionConfigurationPlatforms) = preSolution
		Debug|Any CPU = Debug|Any CPU
		Release|Any CPU = Release|Any CPU
	EndGlobalSection
	GlobalSection(ProjectConfigurationPlatforms) = postSolution
		{7C62C00A-BF68-48E8-8018-154CD555AF3B}.Debug|Any CPU.ActiveCfg = Debug|Any CPU
		{7C62C00A-BF68-48E8-8018-154CD555AF3B}.Debug|Any CPU.Build.0 = Debug|Any CPU
		{7C62C00A-BF68-48E8-8018-154CD555AF3B}.Release|Any CPU.ActiveCfg = Release|Any CPU
		{7C62C00A-BF68-48E8-8018-154CD555AF3B}.Release|Any CPU.Build.0 = Release|Any CPU
	EndGlobalSection
EndGlobal
